# This file is generated by running "yarn install" inside your project.
# Manual changes might be lost - proceed with caution!

__metadata:
  version: 6
  cacheKey: 8

"@discordjs/builders@npm:^1.5.0":
  version: 1.5.0
  resolution: "@discordjs/builders@npm:1.5.0"
  dependencies:
    "@discordjs/formatters": ^0.2.0
    "@discordjs/util": ^0.2.0
    "@sapphire/shapeshift": ^3.8.1
    discord-api-types: ^0.37.35
    fast-deep-equal: ^3.1.3
    ts-mixer: ^6.0.3
    tslib: ^2.5.0
  checksum: 054bf380879412f19ae2ead6731fdce91ff3d3e91c93fa6c689392bffe75748c68ecb9fcd96e5d6119f8b793a485f5a5d4da943c8fdd8048827226755e3f048c
  languageName: node
  linkType: hard

"@discordjs/collection@npm:^1.4.0":
  version: 1.4.0
  resolution: "@discordjs/collection@npm:1.4.0"
  checksum: fb6da43b3df8eeade104490a024918cb58690db58ef8bdc2e2812ffee7e166c9baae0c244306a8187179ffa17cab679dcd50ea7fde9bf137c76275a608acd6b3
  languageName: node
  linkType: hard

"@discordjs/formatters@npm:^0.2.0":
  version: 0.2.0
  resolution: "@discordjs/formatters@npm:0.2.0"
  dependencies:
    discord-api-types: ^0.37.35
  checksum: cc721d1904501910288b48ae4c20df5fb1beff78f2463f780463f7fa7efe661bb739e324fb9e8b2c09aded3ce7cfcc2f58cd3793c0d61da96f87c50f666bf998
  languageName: node
  linkType: hard

"@discordjs/rest@npm:1.6.0":
  version: 1.6.0
  resolution: "@discordjs/rest@npm:1.6.0"
  dependencies:
    "@discordjs/collection": ^1.4.0
    "@discordjs/util": ^0.2.0
    "@sapphire/async-queue": ^1.5.0
    "@sapphire/snowflake": ^3.4.0
    discord-api-types: ^0.37.35
    file-type: ^18.2.1
    tslib: ^2.5.0
    undici: ^5.20.0
  checksum: 4370919696401b052602b34bc0a421811efb1360eed7f904206e20216cba052a63bf08e0307222523f8c5d8066b08264ae95a8037b2e86969cffba68e18aaefe
  languageName: node
  linkType: hard

"@discordjs/rest@patch:@discordjs/rest@npm%3A1.6.0#./.yarn/patches/@discordjs-rest-npm-1.6.0-ecd934f96e.patch::locator=legendary-waffle%40workspace%3A.":
  version: 1.6.0
  resolution: "@discordjs/rest@patch:@discordjs/rest@npm%3A1.6.0#./.yarn/patches/@discordjs-rest-npm-1.6.0-ecd934f96e.patch::version=1.6.0&hash=1b6143&locator=legendary-waffle%40workspace%3A."
  dependencies:
    "@discordjs/collection": ^1.4.0
    "@discordjs/util": ^0.2.0
    "@sapphire/async-queue": ^1.5.0
    "@sapphire/snowflake": ^3.4.0
    discord-api-types: ^0.37.35
    file-type: ^18.2.1
    tslib: ^2.5.0
    undici: ^5.20.0
  checksum: 9daaae5d32f9d5e63b1ed5c41de0230331d56dc30f87934143e166b60bfd6013e59d7f74a98bd880b79d4558136f525d40f1e47a2bd09646ac09d5388ce0fb0f
  languageName: node
  linkType: hard

"@discordjs/util@npm:^0.2.0":
  version: 0.2.0
  resolution: "@discordjs/util@npm:0.2.0"
  checksum: 1e6c02a2881c98ccee2ffd34f487b751e1f16bce007e0a3e9fa538170c1ddb3d68e2b1d88c84b3406191ba9dfec3a999a828603a142c359703fc53482269e7fa
  languageName: node
  linkType: hard

"@sapphire/async-queue@npm:^1.5.0":
  version: 1.5.0
  resolution: "@sapphire/async-queue@npm:1.5.0"
  checksum: 983dbd1fd1b1798496e5edb6a0db7e4d90015160e1028f20475eab0a92625513f1e8d938bc0305811a9cec461c94e01b1e4191615ff03ba49356f568f3255250
  languageName: node
  linkType: hard

"@sapphire/discord-utilities@npm:^3.0.1":
  version: 3.0.1
  resolution: "@sapphire/discord-utilities@npm:3.0.1"
  dependencies:
    discord-api-types: ^0.37.36
  checksum: 3c52ffca5677243ea3a8efbd86fbebcede4e2a9a8e69642f6ddae5ce4c4f24445e721fbf301210eeb73607caf66b2ca58fb3176f43fed1a30341176fcea449df
  languageName: node
  linkType: hard

"@sapphire/discord.js-utilities@npm:6.0.4":
  version: 6.0.4
  resolution: "@sapphire/discord.js-utilities@npm:6.0.4"
  dependencies:
    "@sapphire/discord-utilities": ^3.0.1
    "@sapphire/duration": ^1.0.0
    "@sapphire/utilities": ^3.11.0
    tslib: ^2.5.0
  checksum: 3b29b7276423b260db667fa2ca129026511f284daa6f597dbb0c009e6416db97544645205a17c2f113a14560079af829314f8d4ee5274db4db16f8e503eabcda
  languageName: node
  linkType: hard

"@sapphire/duration@npm:^1.0.0":
  version: 1.1.0
  resolution: "@sapphire/duration@npm:1.1.0"
  checksum: bf145249804560e20621fb593110dc4084a7597f04669695250921ccc7ca2e867a1f0a914c3fdfc9d120ee13689668a104b86861f312ffcce293e9551f4359c9
  languageName: node
  linkType: hard

"@sapphire/framework@npm:^4.2.2":
  version: 4.2.2
  resolution: "@sapphire/framework@npm:4.2.2"
  dependencies:
    "@discordjs/builders": ^1.5.0
    "@sapphire/discord-utilities": ^3.0.1
    "@sapphire/discord.js-utilities": 6.0.4
    "@sapphire/lexure": ^1.1.2
    "@sapphire/pieces": ^3.6.0
    "@sapphire/ratelimits": ^2.4.6
    "@sapphire/result": ^2.6.0
    "@sapphire/stopwatch": ^1.5.0
    "@sapphire/utilities": ^3.11.0
  checksum: d155d839da609c4de6f53b55641e9bf9fdd68f12c3595e99cf1e51b881d42bdf5b65fd6a88113237ac156a2703c6dbe5a8267c67f9ea4fc15cb667ca72831349
  languageName: node
  linkType: hard

"@sapphire/lexure@npm:^1.1.2":
  version: 1.1.2
  resolution: "@sapphire/lexure@npm:1.1.2"
  dependencies:
    "@sapphire/result": ^2.6.0
  checksum: fe25476ba0189ff8c55c6bdb58ef81b0092f46882c59181e712d68adb68c9d86742365cfcb77e2d6dfb08267752894c9da51615718a1ab77ee3ff3609d93b240
  languageName: node
  linkType: hard

"@sapphire/pieces@npm:^3.6.0":
  version: 3.6.1
  resolution: "@sapphire/pieces@npm:3.6.1"
  dependencies:
    "@discordjs/collection": ^1.4.0
    "@sapphire/utilities": ^3.11.0
    tslib: ^2.5.0
  checksum: df4a19dc7170f5c1be9402089f6a257d3ad4c454ef92b738e37e368521b0801b9f2865769fa3f8ea87d710b7fcbd58eb469b282d248260e7c32ea4b3c42a255e
  languageName: node
  linkType: hard

"@sapphire/prettier-config@npm:pr-567":
  version: 1.5.0-pr-567.bc42e07.0
  resolution: "@sapphire/prettier-config@npm:1.5.0-pr-567.bc42e07.0"
  dependencies:
    prettier: ^2.8.4
  checksum: 5185b9d1c59c9ecdbbb9977a7fd6b88ce67998ccf2d3928e27ffb6e25cfc61e38b1d347e2d8e8725086841282a237c29f6e045166e1a80b9fb13bd9010d311a8
  languageName: node
  linkType: hard

"@sapphire/ratelimits@npm:^2.4.6":
  version: 2.4.6
  resolution: "@sapphire/ratelimits@npm:2.4.6"
  checksum: cbec157ea8dc660a8dd045f2d57100289c5eb1ecd9e9bac786b9703cbd9dcea1d39b7d1ea1ca03dac9e266285ddf1767f50195dc7bf88a7cbd5bf25fcca3174f
  languageName: node
  linkType: hard

"@sapphire/result@npm:^2.6.0":
  version: 2.6.0
  resolution: "@sapphire/result@npm:2.6.0"
  checksum: bab9e963c85c7ea0a410c36617b7d32fca8749739b7fbb61bf7a2eff566d002af78606c379b1a71f2857bf9c04d3f5f1af67f02278da75ac660f2f6ddfef26b5
  languageName: node
  linkType: hard

"@sapphire/shapeshift@npm:pr-253":
  version: 3.8.2-pr-253.7f0651c.0
  resolution: "@sapphire/shapeshift@npm:3.8.2-pr-253.7f0651c.0"
  dependencies:
    fast-deep-equal: ^3.1.3
    lodash: ^4.17.21
  checksum: 64616048b29bba722aafc68dff313a89c3da014e3391663049a191fd53493db7d1856638ce50b5f541dda75a83e4fab77a3f1b6d2b0fb16d26d1d620258dbab8
  languageName: node
  linkType: hard

"@sapphire/snowflake@npm:^3.4.0":
  version: 3.4.0
  resolution: "@sapphire/snowflake@npm:3.4.0"
  checksum: 556b7001f33d6edbbbcbca46f6abfa56c732a29e78b693161e358688e688edcb012d2c1bc944e7ffb41bd6c9950d261bc73f95656dc01643361a218b4f5ab985
  languageName: node
  linkType: hard

"@sapphire/stopwatch@npm:^1.5.0":
  version: 1.5.0
  resolution: "@sapphire/stopwatch@npm:1.5.0"
  dependencies:
    tslib: ^2.4.0
  checksum: 23c013598d87d2fcc797efe5d2409ae6836b9221d79eacc10b7c2a95f9d694b562b7ad027dc49e9e8125095417199385a15317520fec371bdb8cc7622085e3af
  languageName: node
  linkType: hard

"@sapphire/ts-config@npm:pr-567":
  version: 4.0.0-pr-567.bc42e07.0
  resolution: "@sapphire/ts-config@npm:4.0.0-pr-567.bc42e07.0"
  dependencies:
    tslib: ^2.5.0
    typescript: ^5.0.2
  checksum: b33375eabae8d3a9f0dfeac59df299c46e132dc35e821ef882296a89f9f856b6d6584b1257d5be2de4f2203640d3cf8ff07d29fa1f75a933db9342cd8abe6ac2
  languageName: node
  linkType: hard

"@sapphire/utilities@npm:^3.11.0":
  version: 3.11.0
  resolution: "@sapphire/utilities@npm:3.11.0"
  checksum: 3c8521038b8879524e8114f39eefc8b3b06cf825995f709684238b5cb14bd7df06d232a26a88f79160df290a66f9aa3133f5ce4ff8e2398033db9f301ad31e0d
  languageName: node
  linkType: hard

"@sapphire/utilities@npm:pr-567":
  version: 3.11.1-pr-567.bc42e07.0
  resolution: "@sapphire/utilities@npm:3.11.1-pr-567.bc42e07.0"
  checksum: 2c0f15c2078bd1e6d643a297cac57c6c826b211c03bc2bcca790d2adc97c6b1db930a6257c6c7d485c4b563f9206207a0f285675855bf4ff6c257796a555145a
  languageName: node
  linkType: hard

"@tokenizer/token@npm:^0.3.0":
  version: 0.3.0
  resolution: "@tokenizer/token@npm:0.3.0"
  checksum: 1d575d02d2a9f0c5a4ca5180635ebd2ad59e0f18b42a65f3d04844148b49b3db35cf00b6012a1af2d59c2ab3caca59451c5689f747ba8667ee586ad717ee58e1
  languageName: node
  linkType: hard

"@types/node@npm:*, @types/node@npm:^18.15.3":
  version: 18.15.3
  resolution: "@types/node@npm:18.15.3"
  checksum: 31b1d92475a82c30de29aa6c0771b18a276552d191283b4423ba2d61b3f01159bf0d02576c0b7cc834b043997893800db6bb47f246083ed85aa45e79c80875d7
  languageName: node
  linkType: hard

"@types/ws@npm:^8.5.4":
  version: 8.5.4
  resolution: "@types/ws@npm:8.5.4"
  dependencies:
    "@types/node": "*"
  checksum: fefbad20d211929bb996285c4e6f699b12192548afedbe4930ab4384f8a94577c9cd421acaad163cacd36b88649509970a05a0b8f20615b30c501ed5269038d1
  languageName: node
  linkType: hard

"busboy@npm:^1.6.0":
  version: 1.6.0
  resolution: "busboy@npm:1.6.0"
  dependencies:
    streamsearch: ^1.1.0
  checksum: 32801e2c0164e12106bf236291a00795c3c4e4b709ae02132883fe8478ba2ae23743b11c5735a0aae8afe65ac4b6ca4568b91f0d9fed1fdbc32ede824a73746e
  languageName: node
  linkType: hard

"discord-api-types@npm:^0.37.35, discord-api-types@npm:^0.37.36":
  version: 0.37.36
  resolution: "discord-api-types@npm:0.37.36"
  checksum: ba3de3640270738c6fcef515a5d3a22069c89973e7d95984a7ddf1633a6e01fef2b99d4524f4535771694f87e4d779aa7511f21e06abd1c25707b4791c29d386
  languageName: node
  linkType: hard

"discord.js@npm:^14.8.0":
  version: 14.8.0
  resolution: "discord.js@npm:14.8.0"
  dependencies:
    "@discordjs/builders": ^1.5.0
    "@discordjs/collection": ^1.4.0
    "@discordjs/formatters": ^0.2.0
    "@discordjs/rest": ^1.6.0
    "@discordjs/util": ^0.2.0
    "@sapphire/snowflake": ^3.4.0
    "@types/ws": ^8.5.4
    discord-api-types: ^0.37.35
    fast-deep-equal: ^3.1.3
    lodash.snakecase: ^4.1.1
    tslib: ^2.5.0
    undici: ^5.20.0
    ws: ^8.12.1
  checksum: 47d20ee2c48cb612edd791e5908af120889cdb277b9e8fff0edd4013ce5a2eb459f7492bd01af59b229ac22966c35f8b1ce45b4668d48cee878b4093d6d48bd3
  languageName: node
  linkType: hard

"fast-deep-equal@npm:^3.1.3":
  version: 3.1.3
  resolution: "fast-deep-equal@npm:3.1.3"
  checksum: e21a9d8d84f53493b6aa15efc9cfd53dd5b714a1f23f67fb5dc8f574af80df889b3bce25dc081887c6d25457cce704e636395333abad896ccdec03abaf1f3f9d
  languageName: node
  linkType: hard

"file-type@npm:^18.2.1":
  version: 18.2.1
  resolution: "file-type@npm:18.2.1"
  dependencies:
    readable-web-to-node-stream: ^3.0.2
    strtok3: ^7.0.0
    token-types: ^5.0.1
  checksum: bbc9381292e96a72ecd892f9f5e1a9a8d3f9717955841346e55891acfe099135bfa149f7dad51f35ee52b5e7e0a1a02d7375061b2800758011682c2e9d96953e
  languageName: node
  linkType: hard

"ieee754@npm:^1.2.1":
  version: 1.2.1
  resolution: "ieee754@npm:1.2.1"
  checksum: 5144c0c9815e54ada181d80a0b810221a253562422e7c6c3a60b1901154184f49326ec239d618c416c1c5945a2e197107aee8d986a3dd836b53dffefd99b5e7e
  languageName: node
  linkType: hard

"inherits@npm:^2.0.3":
  version: 2.0.4
  resolution: "inherits@npm:2.0.4"
  checksum: 4a48a733847879d6cf6691860a6b1e3f0f4754176e4d71494c41f3475553768b10f84b5ce1d40fbd0e34e6bfbb864ee35858ad4dd2cf31e02fc4a154b724d7f1
  languageName: node
  linkType: hard

"legendary-waffle@workspace:.":
  version: 0.0.0-use.local
  resolution: "legendary-waffle@workspace:."
  dependencies:
    "@sapphire/framework": ^4.2.2
    "@sapphire/prettier-config": pr-567
    "@sapphire/ts-config": pr-567
    "@sapphire/utilities": pr-567
    "@types/node": ^18.15.3
    discord-api-types: ^0.37.36
    discord.js: ^14.8.0
    prettier: ^2.8.4
    typescript: ^5.0.2
  languageName: unknown
  linkType: soft

"lodash.snakecase@npm:^4.1.1":
  version: 4.1.1
  resolution: "lodash.snakecase@npm:4.1.1"
  checksum: 1685ed3e83dda6eae5a4dcaee161a51cd210aabb3e1c09c57150e7dd8feda19e4ca0d27d0631eabe8d0f4eaa51e376da64e8c018ae5415417c5890d42feb72a8
  languageName: node
  linkType: hard

"lodash@npm:^4.17.21":
  version: 4.17.21
  resolution: "lodash@npm:4.17.21"
  checksum: eb835a2e51d381e561e508ce932ea50a8e5a68f4ebdd771ea240d3048244a8d13658acbd502cd4829768c56f2e16bdd4340b9ea141297d472517b83868e677f7
  languageName: node
  linkType: hard

"peek-readable@npm:^5.0.0":
  version: 5.0.0
  resolution: "peek-readable@npm:5.0.0"
  checksum: bef5ceb50586eb42e14efba274ac57ffe97f0ed272df9239ce029f688f495d9bf74b2886fa27847c706a9db33acda4b7d23bbd09a2d21eb4c2a54da915117414
  languageName: node
  linkType: hard

"prettier@npm:^2.8.4":
  version: 2.8.4
  resolution: "prettier@npm:2.8.4"
  bin:
    prettier: bin-prettier.js
  checksum: c173064bf3df57b6d93d19aa98753b9b9dd7657212e33b41ada8e2e9f9884066bb9ca0b4005b89b3ab137efffdf8fbe0b462785aba20364798ff4303aadda57e
  languageName: node
  linkType: hard

"readable-stream@npm:^3.6.0":
  version: 3.6.2
  resolution: "readable-stream@npm:3.6.2"
  dependencies:
    inherits: ^2.0.3
    string_decoder: ^1.1.1
    util-deprecate: ^1.0.1
  checksum: bdcbe6c22e846b6af075e32cf8f4751c2576238c5043169a1c221c92ee2878458a816a4ea33f4c67623c0b6827c8a400409bfb3cf0bf3381392d0b1dfb52ac8d
  languageName: node
  linkType: hard

"readable-web-to-node-stream@npm:^3.0.2":
  version: 3.0.2
  resolution: "readable-web-to-node-stream@npm:3.0.2"
  dependencies:
    readable-stream: ^3.6.0
  checksum: 8c56cc62c68513425ddfa721954875b382768f83fa20e6b31e365ee00cbe7a3d6296f66f7f1107b16cd3416d33aa9f1680475376400d62a081a88f81f0ea7f9c
  languageName: node
  linkType: hard

"safe-buffer@npm:~5.2.0":
  version: 5.2.1
  resolution: "safe-buffer@npm:5.2.1"
  checksum: b99c4b41fdd67a6aaf280fcd05e9ffb0813654894223afb78a31f14a19ad220bba8aba1cb14eddce1fcfb037155fe6de4e861784eb434f7d11ed58d1e70dd491
  languageName: node
  linkType: hard

"streamsearch@npm:^1.1.0":
  version: 1.1.0
  resolution: "streamsearch@npm:1.1.0"
  checksum: 1cce16cea8405d7a233d32ca5e00a00169cc0e19fbc02aa839959985f267335d435c07f96e5e0edd0eadc6d39c98d5435fb5bbbdefc62c41834eadc5622ad942
  languageName: node
  linkType: hard

"string_decoder@npm:^1.1.1":
  version: 1.3.0
  resolution: "string_decoder@npm:1.3.0"
  dependencies:
    safe-buffer: ~5.2.0
  checksum: 8417646695a66e73aefc4420eb3b84cc9ffd89572861fe004e6aeb13c7bc00e2f616247505d2dbbef24247c372f70268f594af7126f43548565c68c117bdeb56
  languageName: node
  linkType: hard

"strtok3@npm:^7.0.0":
  version: 7.0.0
  resolution: "strtok3@npm:7.0.0"
  dependencies:
    "@tokenizer/token": ^0.3.0
    peek-readable: ^5.0.0
  checksum: 2ebe7ad8f2aea611dec6742cf6a42e82764892a362907f7ce493faf334501bf981ce21c828dcc300457e6d460dc9c34d644ededb3b01dcb9e37559203cf1748c
  languageName: node
  linkType: hard

"token-types@npm:^5.0.1":
  version: 5.0.1
  resolution: "token-types@npm:5.0.1"
  dependencies:
    "@tokenizer/token": ^0.3.0
    ieee754: ^1.2.1
  checksum: 32780123bc6ce8b6a2231d860445c994a02a720abf38df5583ea957aa6626873cd1c4dd8af62314da4cf16ede00c379a765707a3b06f04b8808c38efdae1c785
  languageName: node
  linkType: hard

"ts-mixer@npm:^6.0.3":
  version: 6.0.3
  resolution: "ts-mixer@npm:6.0.3"
  checksum: 7fbaba0a413bf817835a6a23d46bccf4192dd4d7345b6bae9d594c88acffac35bf4995ef3cce753090c8abcdf2afd16dba8899365584a1f960ccc2a15bf2e2d6
  languageName: node
  linkType: hard

"tslib@npm:^2.4.0, tslib@npm:^2.5.0":
  version: 2.5.0
  resolution: "tslib@npm:2.5.0"
  checksum: ae3ed5f9ce29932d049908ebfdf21b3a003a85653a9a140d614da6b767a93ef94f460e52c3d787f0e4f383546981713f165037dc2274df212ea9f8a4541004e1
  languageName: node
  linkType: hard

"typescript@npm:^5.0.2":
  version: 5.0.2
  resolution: "typescript@npm:5.0.2"
  bin:
    tsc: bin/tsc
    tsserver: bin/tsserver
  checksum: bef1dcd166acfc6934b2ec4d72f93edb8961a5fab36b8dd2aaf6f4f4cd5c0210f2e0850aef4724f3b4913d5aef203a94a28ded731b370880c8bcff7e4ff91fc1
  languageName: node
  linkType: hard

"typescript@patch:typescript@^5.0.2#~builtin<compat/typescript>":
  version: 5.0.2
  resolution: "typescript@patch:typescript@npm%3A5.0.2#~builtin<compat/typescript>::version=5.0.2&hash=85af82"
  bin:
    tsc: bin/tsc
    tsserver: bin/tsserver
  checksum: b63cb742fbb9aeb3085e002ad8f10d5fd963606aa4d6b3b65b4e76c396ff09739f03b5dbae08e1698c3bce9d5619d3f67aeb7ee470ed4016bd345b3cfe37b54a
  languageName: node
  linkType: hard

"undici@npm:^5.20.0":
  version: 5.21.0
  resolution: "undici@npm:5.21.0"
  dependencies:
    busboy: ^1.6.0
  checksum: 013d5fd503b631d607942c511c2ab3f3fa78ebcab302acab998b43176b4815503ec15ed9752c5a47918b3bff8a0137768001d3eb57625b2bb6f6d30d8a794d6c
  languageName: node
  linkType: hard

"util-deprecate@npm:^1.0.1":
  version: 1.0.2
  resolution: "util-deprecate@npm:1.0.2"
  checksum: 474acf1146cb2701fe3b074892217553dfcf9a031280919ba1b8d651a068c9b15d863b7303cb15bd00a862b498e6cf4ad7b4a08fb134edd5a6f7641681cb54a2
  languageName: node
  linkType: hard

"ws@npm:^8.12.1":
  version: 8.13.0
  resolution: "ws@npm:8.13.0"
  peerDependencies:
    bufferutil: ^4.0.1
    utf-8-validate: ">=5.0.2"
  peerDependenciesMeta:
    bufferutil:
      optional: true
    utf-8-validate:
      optional: true
  checksum: 53e991bbf928faf5dc6efac9b8eb9ab6497c69feeb94f963d648b7a3530a720b19ec2e0ec037344257e05a4f35bd9ad04d9de6f289615ffb133282031b18c61c
  languageName: node
  linkType: hard
